{
    "name": "RAScripts",
    "lockfileVersion": 2,
    "requires": true,
    "packages": {
        "": {
            "dependencies": {
                "@types/node": "^20.7.0",
                "lodash": "^4.17.21"
            }
        },
        "../ratoolsjs": {
            "version": "1.0.0",
            "extraneous": true,
            "license": "ISC",
            "dependencies": {
                "vite": "^4.0.4",
                "vite-plugin-dts": "^1.7.2"
            },
            "devDependencies": {
                "@typescript-eslint/parser": "^5.54.0",
                "@vitest/coverage-c8": "^0.28.3",
                "eslint": "^8.35.0",
                "eslint-plugin-es": "^4.1.0",
                "typescript": "^4.9.5",
                "vitest": "^0.28.3"
            }
        },
        "node_modules/@types/node": {
            "version": "20.7.0",
            "resolved": "https://registry.npmjs.org/@types/node/-/node-20.7.0.tgz",
            "integrity": "sha512-zI22/pJW2wUZOVyguFaUL1HABdmSVxpXrzIqkjsHmyUjNhPoWM1CKfvVuXfetHhIok4RY573cqS0mZ1SJEnoTg=="
        },
        "node_modules/lodash": {
            "version": "4.17.21",
            "resolved": "https://registry.npmjs.org/lodash/-/lodash-4.17.21.tgz",
            "integrity": "sha512-v2kDEe57lecTulaDIuNTPy3Ry4gLGJ6Z1O3vE1krgXZNrsQ+LFTGHVxVjcXPs17LhbZVGedAJv8XZ1tvj5FvSg=="
        }
    },
    "dependencies": {
        "@types/node": {
            "version": "20.7.0",
            "resolved": "https://registry.npmjs.org/@types/node/-/node-20.7.0.tgz",
            "integrity": "sha512-zI22/pJW2wUZOVyguFaUL1HABdmSVxpXrzIqkjsHmyUjNhPoWM1CKfvVuXfetHhIok4RY573cqS0mZ1SJEnoTg=="
        },
        "lodash": {
            "version": "4.17.21",
            "resolved": "https://registry.npmjs.org/lodash/-/lodash-4.17.21.tgz",
            "integrity": "sha512-v2kDEe57lecTulaDIuNTPy3Ry4gLGJ6Z1O3vE1krgXZNrsQ+LFTGHVxVjcXPs17LhbZVGedAJv8XZ1tvj5FvSg=="
        }
    }
}
